
Microsoft Visual Studio Solution File, Format Version 12.00
# Visual Studio Version 17
VisualStudioVersion = 17.12.35506.116
MinimumVisualStudioVersion = 10.0.40219.1
Project("{FAE04EC0-301F-11D3-BF4B-00C04F79EFBC}") = "Core", "Core\Core.csproj", "{F3B73837-B426-433A-AA0E-789C114A9F92}"
EndProject
Project("{FAE04EC0-301F-11D3-BF4B-00C04F79EFBC}") = "Repos", "Repos\Repos.csproj", "{D4B8BE8C-5447-46D9-A94E-01682B174987}"
EndProject
Project("{2150E333-8FDC-42A3-9474-1A3956D46DE8}") = "Solution Items", "Solution Items", "{5F38E6A3-F889-4835-9024-EE3C59940C9D}"
	ProjectSection(SolutionItems) = preProject
		TextFile1.txt = TextFile1.txt
	EndProjectSection
EndProject
Project("{FAE04EC0-301F-11D3-BF4B-00C04F79EFBC}") = "UIwpf", "UIwpf\UIwpf.csproj", "{12796261-1497-4753-870C-E99D6C040B87}"
EndProject
Global
	GlobalSection(SolutionConfigurationPlatforms) = preSolution
		Debug|Any CPU = Debug|Any CPU
		Release|Any CPU = Release|Any CPU
	EndGlobalSection
	GlobalSection(ProjectConfigurationPlatforms) = postSolution
		{F3B73837-B426-433A-AA0E-789C114A9F92}.Debug|Any CPU.ActiveCfg = Debug|Any CPU
		{F3B73837-B426-433A-AA0E-789C114A9F92}.Debug|Any CPU.Build.0 = Debug|Any CPU
		{F3B73837-B426-433A-AA0E-789C114A9F92}.Release|Any CPU.ActiveCfg = Release|Any CPU
		{F3B73837-B426-433A-AA0E-789C114A9F92}.Release|Any CPU.Build.0 = Release|Any CPU
		{D4B8BE8C-5447-46D9-A94E-01682B174987}.Debug|Any CPU.ActiveCfg = Debug|Any CPU
		{D4B8BE8C-5447-46D9-A94E-01682B174987}.Debug|Any CPU.Build.0 = Debug|Any CPU
		{D4B8BE8C-5447-46D9-A94E-01682B174987}.Release|Any CPU.ActiveCfg = Release|Any CPU
		{D4B8BE8C-5447-46D9-A94E-01682B174987}.Release|Any CPU.Build.0 = Release|Any CPU
		{12796261-1497-4753-870C-E99D6C040B87}.Debug|Any CPU.ActiveCfg = Debug|Any CPU
		{12796261-1497-4753-870C-E99D6C040B87}.Debug|Any CPU.Build.0 = Debug|Any CPU
		{12796261-1497-4753-870C-E99D6C040B87}.Release|Any CPU.ActiveCfg = Release|Any CPU
		{12796261-1497-4753-870C-E99D6C040B87}.Release|Any CPU.Build.0 = Release|Any CPU
	EndGlobalSection
	GlobalSection(SolutionProperties) = preSolution
		HideSolutionNode = FALSE
	EndGlobalSection
EndGlobal
